
Microsoft Visual Studio Solution File, Format Version 12.00
# Visual Studio Version 17
VisualStudioVersion = 17.11.35312.102
MinimumVisualStudioVersion = 10.0.40219.1
Project("{FAE04EC0-301F-11D3-BF4B-00C04F79EFBC}") = "WindowsFormsApp1", "WindowsFormsApp1.csproj", "{6BFA56EC-AC99-4E80-9575-B606CE70F73A}"
EndProject
Global
	GlobalSection(SolutionConfigurationPlatforms) = preSolution
		Debug|Any CPU = Debug|Any CPU
		Release|Any CPU = Release|Any CPU
	EndGlobalSection
	GlobalSection(ProjectConfigurationPlatforms) = postSolution
		{6BFA56EC-AC99-4E80-9575-B606CE70F73A}.Debug|Any CPU.ActiveCfg = Debug|Any CPU
		{6BFA56EC-AC99-4E80-9575-B606CE70F73A}.Debug|Any CPU.Build.0 = Debug|Any CPU
		{6BFA56EC-AC99-4E80-9575-B606CE70F73A}.Release|Any CPU.ActiveCfg = Release|Any CPU
		{6BFA56EC-AC99-4E80-9575-B606CE70F73A}.Release|Any CPU.Build.0 = Release|Any CPU
	EndGlobalSection
	GlobalSection(SolutionProperties) = preSolution
		HideSolutionNode = FALSE
	EndGlobalSection
	GlobalSection(ExtensibilityGlobals) = postSolution
		SolutionGuid = {8A48BC8A-51F2-48C1-8FCF-768BB78C3EE1}
	EndGlobalSection
EndGlobal
